// !$*UTF8*$!
{
	archiveVersion = 1;
	classes = {
	};
	objectVersion = 77;
	objects = {

/* Begin PBXContainerItemProxy section */
		B6E9A1B32DC7B82D00C46518 /* PBXContainerItemProxy */ = {
			isa = PBXContainerItemProxy;
			containerPortal = B6E9A19A2DC7B82B00C46518 /* Project object */;
			proxyType = 1;
			remoteGlobalIDString = B6E9A1A12DC7B82B00C46518;
			remoteInfo = StockApp;
		};
		B6E9A1BD2DC7B82D00C46518 /* PBXContainerItemProxy */ = {
			isa = PBXContainerItemProxy;
			containerPortal = B6E9A19A2DC7B82B00C46518 /* Project object */;
			proxyType = 1;
			remoteGlobalIDString = B6E9A1A12DC7B82B00C46518;
			remoteInfo = StockApp;
		};
/* End PBXContainerItemProxy section */

/* Begin PBXFileReference section */
		B6E9A1A22DC7B82B00C46518 /* StockApp.app */ = {isa = PBXFileReference; explicitFileType = wrapper.application; includeInIndex = 0; path = StockApp.app; sourceTree = BUILT_PRODUCTS_DIR; };
		B6E9A1B22DC7B82D00C46518 /* StockAppTests.xctest */ = {isa = PBXFileReference; explicitFileType = wrapper.cfbundle; includeInIndex = 0; path = StockAppTests.xctest; sourceTree = BUILT_PRODUCTS_DIR; };
		B6E9A1BC2DC7B82D00C46518 /* StockAppUITests.xctest */ = {isa = PBXFileReference; explicitFileType = wrapper.cfbundle; includeInIndex = 0; path = StockAppUITests.xctest; sourceTree = BUILT_PRODUCTS_DIR; };
/* End PBXFileReference section */

/* Begin PBXFileSystemSynchronizedRootGroup section */
		B6E9A1A42DC7B82B00C46518 /* StockApp */ = {
			isa = PBXFileSystemSynchronizedRootGroup;
			path = StockApp;
			sourceTree = "<group>";
		};
		B6E9A1B52DC7B82D00C46518 /* StockAppTests */ = {
			isa = PBXFileSystemSynchronizedRootGroup;
			path = StockAppTests;
			sourceTree = "<group>";
		};
		B6E9A1BF2DC7B82D00C46518 /* StockAppUITests */ = {
			isa = PBXFileSystemSynchronizedRootGroup;
			path = StockAppUITests;
			sourceTree = "<group>";
		};
/* End PBXFileSystemSynchronizedRootGroup section */

/* Begin PBXFrameworksBuildPhase section */
		B6E9A19F2DC7B82B00C46518 /* Frameworks */ = {
			isa = PBXFrameworksBuildPhase;
			buildActionMask = 2147483647;
			files = (
			);
			runOnlyForDeploymentPostprocessing = 0;
		};
		B6E9A1AF2DC7B82D00C46518 /* Frameworks */ = {
			isa = PBXFrameworksBuildPhase;
			buildActionMask = 2147483647;
			files = (
			);
			runOnlyForDeploymentPostprocessing = 0;
		};
		B6E9A1B92DC7B82D00C46518 /* Frameworks */ = {
			isa = PBXFrameworksBuildPhase;
			buildActionMask = 2147483647;
			files = (
			);
			runOnlyForDeploymentPostprocessing = 0;
		};
/* End PBXFrameworksBuildPhase section */

/* Begin PBXGroup section */
		B6E9A1992DC7B82B00C46518 = {
			isa = PBXGroup;
			children = (
				B6E9A1A42DC7B82B00C46518 /* StockApp */,
				B6E9A1B52DC7B82D00C46518 /* StockAppTests */,
				B6E9A1BF2DC7B82D00C46518 /* StockAppUITests */,
				B6E9A1A32DC7B82B00C46518 /* Products */,
			);
			sourceTree = "<group>";
		};
		B6E9A1A32DC7B82B00C46518 /* Products */ = {
			isa = PBXGroup;
			children = (
				B6E9A1A22DC7B82B00C46518 /* StockApp.app */,
				B6E9A1B22DC7B82D00C46518 /* StockAppTests.xctest */,
				B6E9A1BC2DC7B82D00C46518 /* StockAppUITests.xctest */,
			);
			name = Products;
			sourceTree = "<group>";
		};
/* End PBXGroup section */

/* Begin PBXNativeTarget section */
		B6E9A1A12DC7B82B00C46518 /* StockApp */ = {
			isa = PBXNativeTarget;
			buildConfigurationList = B6E9A1C62DC7B82D00C46518 /* Build configuration list for PBXNativeTarget "StockApp" */;
			buildPhases = (
				B6E9A19E2DC7B82B00C46518 /* Sources */,
				B6E9A19F2DC7B82B00C46518 /* Frameworks */,
				B6E9A1A02DC7B82B00C46518 /* Resources */,
			);
			buildRules = (
			);
			dependencies = (
			);
			fileSystemSynchronizedGroups = (
				B6E9A1A42DC7B82B00C46518 /* StockApp */,
			);
			name = StockApp;
			packageProductDependencies = (
			);
			productName = StockApp;
			productReference = B6E9A1A22DC7B82B00C46518 /* StockApp.app */;
			productType = "com.apple.product-type.application";
		};
		B6E9A1B12DC7B82D00C46518 /* StockAppTests */ = {
			isa = PBXNativeTarget;
			buildConfigurationList = B6E9A1C92DC7B82D00C46518 /* Build configuration list for PBXNativeTarget "StockAppTests" */;
			buildPhases = (
				B6E9A1AE2DC7B82D00C46518 /* Sources */,
				B6E9A1AF2DC7B82D00C46518 /* Frameworks */,
				B6E9A1B02DC7B82D00C46518 /* Resources */,
			);
			buildRules = (
			);
			dependencies = (
				B6E9A1B42DC7B82D00C46518 /* PBXTargetDependency */,
			);
			fileSystemSynchronizedGroups = (
				B6E9A1B52DC7B82D00C46518 /* StockAppTests */,
			);
			name = StockAppTests;
			packageProductDependencies = (
			);
			productName = StockAppTests;
			productReference = B6E9A1B22DC7B82D00C46518 /* StockAppTests.xctest */;
			productType = "com.apple.product-type.bundle.unit-test";
		};
		B6E9A1BB2DC7B82D00C46518 /* StockAppUITests */ = {
			isa = PBXNativeTarget;
			buildConfigurationList = B6E9A1CC2DC7B82D00C46518 /* Build configuration list for PBXNativeTarget "StockAppUITests" */;
			buildPhases = (
				B6E9A1B82DC7B82D00C46518 /* Sources */,
				B6E9A1B92DC7B82D00C46518 /* Frameworks */,
				B6E9A1BA2DC7B82D00C46518 /* Resources */,
			);
			buildRules = (
			);
			dependencies = (
				B6E9A1BE2DC7B82D00C46518 /* PBXTargetDependency */,
			);
			fileSystemSynchronizedGroups = (
				B6E9A1BF2DC7B82D00C46518 /* StockAppUITests */,
			);
			name = StockAppUITests;
			packageProductDependencies = (
			);
			productName = StockAppUITests;
			productReference = B6E9A1BC2DC7B82D00C46518 /* StockAppUITests.xctest */;
			productType = "com.apple.product-type.bundle.ui-testing";
		};
/* End PBXNativeTarget section */

/* Begin PBXProject section */
		B6E9A19A2DC7B82B00C46518 /* Project object */ = {
			isa = PBXProject;
			attributes = {
				BuildIndependentTargetsInParallel = 1;
				LastSwiftUpdateCheck = 1620;
				LastUpgradeCheck = 1620;
				TargetAttributes = {
					B6E9A1A12DC7B82B00C46518 = {
						CreatedOnToolsVersion = 16.2;
					};
					B6E9A1B12DC7B82D00C46518 = {
						CreatedOnToolsVersion = 16.2;
						TestTargetID = B6E9A1A12DC7B82B00C46518;
					};
					B6E9A1BB2DC7B82D00C46518 = {
						CreatedOnToolsVersion = 16.2;
						TestTargetID = B6E9A1A12DC7B82B00C46518;
					};
				};
			};
			buildConfigurationList = B6E9A19D2DC7B82B00C46518 /* Build configuration list for PBXProject "StockApp" */;
			developmentRegion = en;
			hasScannedForEncodings = 0;
			knownRegions = (
				en,
				Base,
			);
			mainGroup = B6E9A1992DC7B82B00C46518;
			minimizedProjectReferenceProxies = 1;
			preferredProjectObjectVersion = 77;
			productRefGroup = B6E9A1A32DC7B82B00C46518 /* Products */;
			projectDirPath = "";
			projectRoot = "";
			targets = (
				B6E9A1A12DC7B82B00C46518 /* StockApp */,
				B6E9A1B12DC7B82D00C46518 /* StockAppTests */,
				B6E9A1BB2DC7B82D00C46518 /* StockAppUITests */,
			);
		};
/* End PBXProject section */

/* Begin PBXResourcesBuildPhase section */
		B6E9A1A02DC7B82B00C46518 /* Resources */ = {
			isa = PBXResourcesBuildPhase;
			buildActionMask = 2147483647;
			files = (
			);
			runOnlyForDeploymentPostprocessing = 0;
		};
		B6E9A1B02DC7B82D00C46518 /* Resources */ = {
			isa = PBXResourcesBuildPhase;
			buildActionMask = 2147483647;
			files = (
			);
			runOnlyForDeploymentPostprocessing = 0;
		};
		B6E9A1BA2DC7B82D00C46518 /* Resources */ = {
			isa = PBXResourcesBuildPhase;
			buildActionMask = 2147483647;
			files = (
			);
			runOnlyForDeploymentPostprocessing = 0;
		};
/* End PBXResourcesBuildPhase section */

/* Begin PBXSourcesBuildPhase section */
		B6E9A19E2DC7B82B00C46518 /* Sources */ = {
			isa = PBXSourcesBuildPhase;
			buildActionMask = 2147483647;
			files = (
			);
			runOnlyForDeploymentPostprocessing = 0;
		};
		B6E9A1AE2DC7B82D00C46518 /* Sources */ = {
			isa = PBXSourcesBuildPhase;
			buildActionMask = 2147483647;
			files = (
			);
			runOnlyForDeploymentPostprocessing = 0;
		};
		B6E9A1B82DC7B82D00C46518 /* Sources */ = {
			isa = PBXSourcesBuildPhase;
			buildActionMask = 2147483647;
			files = (
			);
			runOnlyForDeploymentPostprocessing = 0;
		};
/* End PBXSourcesBuildPhase section */

/* Begin PBXTargetDependency section */
		B6E9A1B42DC7B82D00C46518 /* PBXTargetDependency */ = {
			isa = PBXTargetDependency;
			target = B6E9A1A12DC7B82B00C46518 /* StockApp */;
			targetProxy = B6E9A1B32DC7B82D00C46518 /* PBXContainerItemProxy */;
		};
		B6E9A1BE2DC7B82D00C46518 /* PBXTargetDependency */ = {
			isa = PBXTargetDependency;
			target = B6E9A1A12DC7B82B00C46518 /* StockApp */;
			targetProxy = B6E9A1BD2DC7B82D00C46518 /* PBXContainerItemProxy */;
		};
/* End PBXTargetDependency section */

/* Begin XCBuildConfiguration section */
		B6E9A1C42DC7B82D00C46518 /* Debug */ = {
			isa = XCBuildConfiguration;
			buildSettings = {
				ALWAYS_SEARCH_USER_PATHS = NO;
				ASSETCATALOG_COMPILER_GENERATE_SWIFT_ASSET_SYMBOL_EXTENSIONS = YES;
				CLANG_ANALYZER_NONNULL = YES;
				CLANG_ANALYZER_NUMBER_OBJECT_CONVERSION = YES_AGGRESSIVE;
				CLANG_CXX_LANGUAGE_STANDARD = "gnu++20";
				CLANG_ENABLE_MODULES = YES;
				CLANG_ENABLE_OBJC_ARC = YES;
				CLANG_ENABLE_OBJC_WEAK = YES;
				CLANG_WARN_BLOCK_CAPTURE_AUTORELEASING = YES;
				CLANG_WARN_BOOL_CONVERSION = YES;
				CLANG_WARN_COMMA = YES;
				CLANG_WARN_CONSTANT_CONVERSION = YES;
				CLANG_WARN_DEPRECATED_OBJC_IMPLEMENTATIONS = YES;
				CLANG_WARN_DIRECT_OBJC_ISA_USAGE = YES_ERROR;
				CLANG_WARN_DOCUMENTATION_COMMENTS = YES;
				CLANG_WARN_EMPTY_BODY = YES;
				CLANG_WARN_ENUM_CONVERSION = YES;
				CLANG_WARN_INFINITE_RECURSION = YES;
				CLANG_WARN_INT_CONVERSION = YES;
				CLANG_WARN_NON_LITERAL_NULL_CONVERSION = YES;
				CLANG_WARN_OBJC_IMPLICIT_RETAIN_SELF = YES;
				CLANG_WARN_OBJC_LITERAL_CONVERSION = YES;
				CLANG_WARN_OBJC_ROOT_CLASS = YES_ERROR;
				CLANG_WARN_QUOTED_INCLUDE_IN_FRAMEWORK_HEADER = YES;
				CLANG_WARN_RANGE_LOOP_ANALYSIS = YES;
				CLANG_WARN_STRICT_PROTOTYPES = YES;
				CLANG_WARN_SUSPICIOUS_MOVE = YES;
				CLANG_WARN_UNGUARDED_AVAILABILITY = YES_AGGRESSIVE;
				CLANG_WARN_UNREACHABLE_CODE = YES;
				CLANG_WARN__DUPLICATE_METHOD_MATCH = YES;
				COPY_PHASE_STRIP = NO;
				DEBUG_INFORMATION_FORMAT = dwarf;
				ENABLE_STRICT_OBJC_MSGSEND = YES;
				ENABLE_TESTABILITY = YES;
				ENABLE_USER_SCRIPT_SANDBOXING = YES;
				GCC_C_LANGUAGE_STANDARD = gnu17;
				GCC_DYNAMIC_NO_PIC = NO;
				GCC_NO_COMMON_BLOCKS = YES;
				GCC_OPTIMIZATION_LEVEL = 0;
				GCC_PREPROCESSOR_DEFINITIONS = (
					"DEBUG=1",
					"$(inherited)",
				);
				GCC_WARN_64_TO_32_BIT_CONVERSION = YES;
				GCC_WARN_ABOUT_RETURN_TYPE = YES_ERROR;
				GCC_WARN_UNDECLARED_SELECTOR = YES;
				GCC_WARN_UNINITIALIZED_AUTOS = YES_AGGRESSIVE;
				GCC_WARN_UNUSED_FUNCTION = YES;
				GCC_WARN_UNUSED_VARIABLE = YES;
				IPHONEOS_DEPLOYMENT_TARGET = 18.2;
				LOCALIZATION_PREFERS_STRING_CATALOGS = YES;
				MTL_ENABLE_DEBUG_INFO = INCLUDE_SOURCE;
				MTL_FAST_MATH = YES;
				ONLY_ACTIVE_ARCH = YES;
				SDKROOT = iphoneos;
				SWIFT_ACTIVE_COMPILATION_CONDITIONS = "DEBUG $(inherited)";
				SWIFT_OPTIMIZATION_LEVEL = "-Onone";
			};
			name = Debug;
		};
		B6E9A1C52DC7B82D00C46518 /* Release */ = {
			isa = XCBuildConfiguration;
			buildSettings = {
				ALWAYS_SEARCH_USER_PATHS = NO;
				ASSETCATALOG_COMPILER_GENERATE_SWIFT_ASSET_SYMBOL_EXTENSIONS = YES;
				CLANG_ANALYZER_NONNULL = YES;
				CLANG_ANALYZER_NUMBER_OBJECT_CONVERSION = YES_AGGRESSIVE;
				CLANG_CXX_LANGUAGE_STANDARD = "gnu++20";
				CLANG_ENABLE_MODULES = YES;
				CLANG_ENABLE_OBJC_ARC = YES;
				CLANG_ENABLE_OBJC_WEAK = YES;
				CLANG_WARN_BLOCK_CAPTURE_AUTORELEASING = YES;
				CLANG_WARN_BOOL_CONVERSION = YES;
				CLANG_WARN_COMMA = YES;
				CLANG_WARN_CONSTANT_CONVERSION = YES;
				CLANG_WARN_DEPRECATED_OBJC_IMPLEMENTATIONS = YES;
				CLANG_WARN_DIRECT_OBJC_ISA_USAGE = YES_ERROR;
				CLANG_WARN_DOCUMENTATION_COMMENTS = YES;
				CLANG_WARN_EMPTY_BODY = YES;
				CLANG_WARN_ENUM_CONVERSION = YES;
				CLANG_WARN_INFINITE_RECURSION = YES;
				CLANG_WARN_INT_CONVERSION = YES;
				CLANG_WARN_NON_LITERAL_NULL_CONVERSION = YES;
				CLANG_WARN_OBJC_IMPLICIT_RETAIN_SELF = YES;
				CLANG_WARN_OBJC_LITERAL_CONVERSION = YES;
				CLANG_WARN_OBJC_ROOT_CLASS = YES_ERROR;
				CLANG_WARN_QUOTED_INCLUDE_IN_FRAMEWORK_HEADER = YES;
				CLANG_WARN_RANGE_LOOP_ANALYSIS = YES;
				CLANG_WARN_STRICT_PROTOTYPES = YES;
				CLANG_WARN_SUSPICIOUS_MOVE = YES;
				CLANG_WARN_UNGUARDED_AVAILABILITY = YES_AGGRESSIVE;
				CLANG_WARN_UNREACHABLE_CODE = YES;
				CLANG_WARN__DUPLICATE_METHOD_MATCH = YES;
				COPY_PHASE_STRIP = NO;
				DEBUG_INFORMATION_FORMAT = "dwarf-with-dsym";
				ENABLE_NS_ASSERTIONS = NO;
				ENABLE_STRICT_OBJC_MSGSEND = YES;
				ENABLE_USER_SCRIPT_SANDBOXING = YES;
				GCC_C_LANGUAGE_STANDARD = gnu17;
				GCC_NO_COMMON_BLOCKS = YES;
				GCC_WARN_64_TO_32_BIT_CONVERSION = YES;
				GCC_WARN_ABOUT_RETURN_TYPE = YES_ERROR;
				GCC_WARN_UNDECLARED_SELECTOR = YES;
				GCC_WARN_UNINITIALIZED_AUTOS = YES_AGGRESSIVE;
				GCC_WARN_UNUSED_FUNCTION = YES;
				GCC_WARN_UNUSED_VARIABLE = YES;
				IPHONEOS_DEPLOYMENT_TARGET = 18.2;
				LOCALIZATION_PREFERS_STRING_CATALOGS = YES;
				MTL_ENABLE_DEBUG_INFO = NO;
				MTL_FAST_MATH = YES;
				SDKROOT = iphoneos;
				SWIFT_COMPILATION_MODE = wholemodule;
				VALIDATE_PRODUCT = YES;
			};
			name = Release;
		};
		B6E9A1C72DC7B82D00C46518 /* Debug */ = {
			isa = XCBuildConfiguration;
			buildSettings = {
				ASSETCATALOG_COMPILER_APPICON_NAME = AppIcon;
				ASSETCATALOG_COMPILER_GLOBAL_ACCENT_COLOR_NAME = AccentColor;
				CODE_SIGN_STYLE = Automatic;
				CURRENT_PROJECT_VERSION = 1;
				DEVELOPMENT_ASSET_PATHS = "\"StockApp/Preview Content\"";
				DEVELOPMENT_TEAM = X64H234X86;
				ENABLE_PREVIEWS = YES;
				GENERATE_INFOPLIST_FILE = YES;
				INFOPLIST_KEY_UIApplicationSceneManifest_Generation = YES;
				INFOPLIST_KEY_UIApplicationSupportsIndirectInputEvents = YES;
				INFOPLIST_KEY_UILaunchScreen_Generation = YES;
				INFOPLIST_KEY_UISupportedInterfaceOrientations_iPad = "UIInterfaceOrientationPortrait UIInterfaceOrientationPortraitUpsideDown UIInterfaceOrientationLandscapeLeft UIInterfaceOrientationLandscapeRight";
				INFOPLIST_KEY_UISupportedInterfaceOrientations_iPhone = "UIInterfaceOrientationPortrait UIInterfaceOrientationLandscapeLeft UIInterfaceOrientationLandscapeRight";
				LD_RUNPATH_SEARCH_PATHS = (
					"$(inherited)",
					"@executable_path/Frameworks",
				);
				MARKETING_VERSION = 1.0;
				PRODUCT_BUNDLE_IDENTIFIER = adi.mizrahi.StockApp;
				PRODUCT_NAME = "$(TARGET_NAME)";
				SWIFT_EMIT_LOC_STRINGS = YES;
				SWIFT_VERSION = 5.0;
				TARGETED_DEVICE_FAMILY = "1,2";
			};
			name = Debug;
		};
		B6E9A1C82DC7B82D00C46518 /* Release */ = {
			isa = XCBuildConfiguration;
			buildSettings = {
				ASSETCATALOG_COMPILER_APPICON_NAME = AppIcon;
				ASSETCATALOG_COMPILER_GLOBAL_ACCENT_COLOR_NAME = AccentColor;
				CODE_SIGN_STYLE = Automatic;
				CURRENT_PROJECT_VERSION = 1;
				DEVELOPMENT_ASSET_PATHS = "\"StockApp/Preview Content\"";
				DEVELOPMENT_TEAM = X64H234X86;
				ENABLE_PREVIEWS = YES;
				GENERATE_INFOPLIST_FILE = YES;
				INFOPLIST_KEY_UIApplicationSceneManifest_Generation = YES;
				INFOPLIST_KEY_UIApplicationSupportsIndirectInputEvents = YES;
				INFOPLIST_KEY_UILaunchScreen_Generation = YES;
				INFOPLIST_KEY_UISupportedInterfaceOrientations_iPad = "UIInterfaceOrientationPortrait UIInterfaceOrientationPortraitUpsideDown UIInterfaceOrientationLandscapeLeft UIInterfaceOrientationLandscapeRight";
				INFOPLIST_KEY_UISupportedInterfaceOrientations_iPhone = "UIInterfaceOrientationPortrait UIInterfaceOrientationLandscapeLeft UIInterfaceOrientationLandscapeRight";
				LD_RUNPATH_SEARCH_PATHS = (
					"$(inherited)",
					"@executable_path/Frameworks",
				);
				MARKETING_VERSION = 1.0;
				PRODUCT_BUNDLE_IDENTIFIER = adi.mizrahi.StockApp;
				PRODUCT_NAME = "$(TARGET_NAME)";
				SWIFT_EMIT_LOC_STRINGS = YES;
				SWIFT_VERSION = 5.0;
				TARGETED_DEVICE_FAMILY = "1,2";
			};
			name = Release;
		};
		B6E9A1CA2DC7B82D00C46518 /* Debug */ = {
			isa = XCBuildConfiguration;
			buildSettings = {
				BUNDLE_LOADER = "$(TEST_HOST)";
				CODE_SIGN_STYLE = Automatic;
				CURRENT_PROJECT_VERSION = 1;
				DEVELOPMENT_TEAM = X64H234X86;
				GENERATE_INFOPLIST_FILE = YES;
				IPHONEOS_DEPLOYMENT_TARGET = 18.2;
				MARKETING_VERSION = 1.0;
				PRODUCT_BUNDLE_IDENTIFIER = adi.mizrahi.StockAppTests;
				PRODUCT_NAME = "$(TARGET_NAME)";
				SWIFT_EMIT_LOC_STRINGS = NO;
				SWIFT_VERSION = 5.0;
				TARGETED_DEVICE_FAMILY = "1,2";
				TEST_HOST = "$(BUILT_PRODUCTS_DIR)/StockApp.app/$(BUNDLE_EXECUTABLE_FOLDER_PATH)/StockApp";
			};
			name = Debug;
		};
		B6E9A1CB2DC7B82D00C46518 /* Release */ = {
			isa = XCBuildConfiguration;
			buildSettings = {
				BUNDLE_LOADER = "$(TEST_HOST)";
				CODE_SIGN_STYLE = Automatic;
				CURRENT_PROJECT_VERSION = 1;
				DEVELOPMENT_TEAM = X64H234X86;
				GENERATE_INFOPLIST_FILE = YES;
				IPHONEOS_DEPLOYMENT_TARGET = 18.2;
				MARKETING_VERSION = 1.0;
				PRODUCT_BUNDLE_IDENTIFIER = adi.mizrahi.StockAppTests;
				PRODUCT_NAME = "$(TARGET_NAME)";
				SWIFT_EMIT_LOC_STRINGS = NO;
				SWIFT_VERSION = 5.0;
				TARGETED_DEVICE_FAMILY = "1,2";
				TEST_HOST = "$(BUILT_PRODUCTS_DIR)/StockApp.app/$(BUNDLE_EXECUTABLE_FOLDER_PATH)/StockApp";
			};
			name = Release;
		};
		B6E9A1CD2DC7B82D00C46518 /* Debug */ = {
			isa = XCBuildConfiguration;
			buildSettings = {
				CODE_SIGN_STYLE = Automatic;
				CURRENT_PROJECT_VERSION = 1;
				DEVELOPMENT_TEAM = X64H234X86;
				GENERATE_INFOPLIST_FILE = YES;
				MARKETING_VERSION = 1.0;
				PRODUCT_BUNDLE_IDENTIFIER = adi.mizrahi.StockAppUITests;
				PRODUCT_NAME = "$(TARGET_NAME)";
				SWIFT_EMIT_LOC_STRINGS = NO;
				SWIFT_VERSION = 5.0;
				TARGETED_DEVICE_FAMILY = "1,2";
				TEST_TARGET_NAME = StockApp;
			};
			name = Debug;
		};
		B6E9A1CE2DC7B82D00C46518 /* Release */ = {
			isa = XCBuildConfiguration;
			buildSettings = {
				CODE_SIGN_STYLE = Automatic;
				CURRENT_PROJECT_VERSION = 1;
				DEVELOPMENT_TEAM = X64H234X86;
				GENERATE_INFOPLIST_FILE = YES;
				MARKETING_VERSION = 1.0;
				PRODUCT_BUNDLE_IDENTIFIER = adi.mizrahi.StockAppUITests;
				PRODUCT_NAME = "$(TARGET_NAME)";
				SWIFT_EMIT_LOC_STRINGS = NO;
				SWIFT_VERSION = 5.0;
				TARGETED_DEVICE_FAMILY = "1,2";
				TEST_TARGET_NAME = StockApp;
			};
			name = Release;
		};
/* End XCBuildConfiguration section */

/* Begin XCConfigurationList section */
		B6E9A19D2DC7B82B00C46518 /* Build configuration list for PBXProject "StockApp" */ = {
			isa = XCConfigurationList;
			buildConfigurations = (
				B6E9A1C42DC7B82D00C46518 /* Debug */,
				B6E9A1C52DC7B82D00C46518 /* Release */,
			);
			defaultConfigurationIsVisible = 0;
			defaultConfigurationName = Release;
		};
		B6E9A1C62DC7B82D00C46518 /* Build configuration list for PBXNativeTarget "StockApp" */ = {
			isa = XCConfigurationList;
			buildConfigurations = (
				B6E9A1C72DC7B82D00C46518 /* Debug */,
				B6E9A1C82DC7B82D00C46518 /* Release */,
			);
			defaultConfigurationIsVisible = 0;
			defaultConfigurationName = Release;
		};
		B6E9A1C92DC7B82D00C46518 /* Build configuration list for PBXNativeTarget "StockAppTests" */ = {
			isa = XCConfigurationList;
			buildConfigurations = (
				B6E9A1CA2DC7B82D00C46518 /* Debug */,
				B6E9A1CB2DC7B82D00C46518 /* Release */,
			);
			defaultConfigurationIsVisible = 0;
			defaultConfigurationName = Release;
		};
		B6E9A1CC2DC7B82D00C46518 /* Build configuration list for PBXNativeTarget "StockAppUITests" */ = {
			isa = XCConfigurationList;
			buildConfigurations = (
				B6E9A1CD2DC7B82D00C46518 /* Debug */,
				B6E9A1CE2DC7B82D00C46518 /* Release */,
			);
			defaultConfigurationIsVisible = 0;
			defaultConfigurationName = Release;
		};
/* End XCConfigurationList section */
	};
	rootObject = B6E9A19A2DC7B82B00C46518 /* Project object */;
}
